<?xml version="1.0" encoding="utf-8"?>
<Project ToolsVersion="4.0" xmlns="http://schemas.microsoft.com/developer/msbuild/2003">
  <ItemGroup>
    <Filter Include="Source files">
      <UniqueIdentifier>{8a752468-cac1-4413-9a6a-2353cc864127}</UniqueIdentifier>
      <Extensions>cpp;c;cc;cxx;def;odl;idl;hpj;bat;asm;asmx</Extensions>
    </Filter>
    <Filter Include="Header files">
      <UniqueIdentifier>{92b90ad8-dd3d-40a9-b65c-27c1c98f4e96}</UniqueIdentifier>
      <Extensions>h;hpp;hxx;hm;inl;inc;xsd</Extensions>
    </Filter>
    <Filter Include="Resource files">
      <UniqueIdentifier>{105d682e-ebbb-4282-9bdd-1dba08d0adc0}</UniqueIdentifier>
      <Extensions>rc;ico;cur;bmp;dlg;rc2;rct;bin;rgs;gif;jpg;jpeg;jpe;resx;tiff;tif;png;wav</Extensions>
    </Filter>
    <Filter Include="Make files">
      <UniqueIdentifier>{d7f723c3-28c3-432b-a8ed-f815eeec3605}</UniqueIdentifier>
      <Extensions>*.mak</Extensions>
    </Filter>
    <Filter Include="VisualGDB settings">
      <UniqueIdentifier>{83bf2823-4fa5-468b-88f1-5deb46e63506}</UniqueIdentifier>
      <Extensions>*.vgdbsettings</Extensions>
    </Filter>
  </ItemGroup>
  <ItemGroup>
    <None Include="Makefile" />
    <None Include="debug.mak">
      <Filter>Make files</Filter>
    </None>
    <None Include="copp-Debug.vgdbsettings">
      <Filter>VisualGDB settings</Filter>
    </None>
    <None Include="release.mak">
      <Filter>Make files</Filter>
    </None>
    <None Include="copp-Release.vgdbsettings">
      <Filter>VisualGDB settings</Filter>
    </None>
    <None Include="config.json" />
  </ItemGroup>
  <ItemGroup>
    <ClCompile Include="src\main.cpp">
      <Filter>Source files</Filter>
    </ClCompile>
    <ClCompile Include="src\Server.cpp">
      <Filter>Source files</Filter>
    </ClCompile>
    <ClCompile Include="src\Client.cpp">
      <Filter>Source files</Filter>
    </ClCompile>
    <ClCompile Include="src\Utils.cpp">
      <Filter>Source files</Filter>
    </ClCompile>
    <ClCompile Include="src\connection.cpp">
      <Filter>Source files</Filter>
    </ClCompile>
    <ClCompile Include="src\request_handler.cpp">
      <Filter>Source files</Filter>
    </ClCompile>
  </ItemGroup>
  <ItemGroup>
    <ClInclude Include="src\Server.h">
      <Filter>Header files</Filter>
    </ClInclude>
    <ClInclude Include="src\Client.h">
      <Filter>Header files</Filter>
    </ClInclude>
    <ClInclude Include="src\Utils.h">
      <Filter>Header files</Filter>
    </ClInclude>
    <ClInclude Include="..\..\..\Program Files (x86)\Sysprogs\VisualGDB\rs.h">
      <Filter>Header files</Filter>
    </ClInclude>
    <ClInclude Include="src\connection.h">
      <Filter>Header files</Filter>
    </ClInclude>
    <ClInclude Include="src\request_handler.h">
      <Filter>Header files</Filter>
    </ClInclude>
    <ClInclude Include="src\streams.h">
      <Filter>Header files</Filter>
    </ClInclude>
    <ClInclude Include="src\includes.h">
      <Filter>Header files</Filter>
    </ClInclude>
    <ClInclude Include="src\defines.h">
      <Filter>Header files</Filter>
    </ClInclude>
  </ItemGroup>
</Project>